
Microsoft Visual Studio Solution File, Format Version 10.00
# Visual Studio 2008
Project("{8BC9CEB8-8B4A-11D0-8D11-00A0C91BC942}") = "MeshSimp", "MeshSimp\MeshSimp.vcproj", "{75F04F30-4DE7-43A6-8EAC-97673E6BEEC8}"
EndProject
Global
	GlobalSection(SolutionConfigurationPlatforms) = preSolution
		Debug|Win32 = Debug|Win32
		Release|Win32 = Release|Win32
	EndGlobalSection
	GlobalSection(ProjectConfigurationPlatforms) = postSolution
		{75F04F30-4DE7-43A6-8EAC-97673E6BEEC8}.Debug|Win32.ActiveCfg = Debug|Win32
		{75F04F30-4DE7-43A6-8EAC-97673E6BEEC8}.Debug|Win32.Build.0 = Debug|Win32
		{75F04F30-4DE7-43A6-8EAC-97673E6BEEC8}.Release|Win32.ActiveCfg = Release|Win32
		{75F04F30-4DE7-43A6-8EAC-97673E6BEEC8}.Release|Win32.Build.0 = Release|Win32
	EndGlobalSection
	GlobalSection(SolutionProperties) = preSolution
		HideSolutionNode = FALSE
	EndGlobalSection
EndGlobal
